
Microsoft Visual Studio Solution File, Format Version 12.00
# Visual Studio Version 17
VisualStudioVersion = 17.14.37628.2 d17.14
MinimumVisualStudioVersion = 10.0.40219.1
Project("{FAE04EC0-301F-11D3-BF4B-00C04F79EFBC}") = "DataStructuresCommon", "DataStructuresCommon\DataStructuresCommon.csproj", "{1938126B-F59C-4C5B-A68E-E24DAE954A6F}"
EndProject
Project("{FAE04EC0-301F-11D3-BF4B-00C04F79EFBC}") = "Lists", "Lists\Lists.csproj", "{7F77E443-9A18-48BA-918C-0AE62881D78E}"
EndProject
Project("{FAE04EC0-301F-11D3-BF4B-00C04F79EFBC}") = "Tests", "Tests\Tests.csproj", "{A7ABC55E-43C3-41DD-A2DE-742C9D33E014}"
EndProject
Global
	GlobalSection(SolutionConfigurationPlatforms) = preSolution
		Debug|Any CPU = Debug|Any CPU
		Release|Any CPU = Release|Any CPU
	EndGlobalSection
	GlobalSection(ProjectConfigurationPlatforms) = postSolution
		{1938126B-F59C-4C5B-A68E-E24DAE954A6F}.Debug|Any CPU.ActiveCfg = Debug|Any CPU
		{1938126B-F59C-4C5B-A68E-E24DAE954A6F}.Debug|Any CPU.Build.0 = Debug|Any CPU
		{1938126B-F59C-4C5B-A68E-E24DAE954A6F}.Release|Any CPU.ActiveCfg = Release|Any CPU
		{1938126B-F59C-4C5B-A68E-E24DAE954A6F}.Release|Any CPU.Build.0 = Release|Any CPU
		{7F77E443-9A18-48BA-918C-0AE62881D78E}.Debug|Any CPU.ActiveCfg = Debug|Any CPU
		{7F77E443-9A18-48BA-918C-0AE62881D78E}.Debug|Any CPU.Build.0 = Debug|Any CPU
		{7F77E443-9A18-48BA-918C-0AE62881D78E}.Release|Any CPU.ActiveCfg = Release|Any CPU
		{7F77E443-9A18-48BA-918C-0AE62881D78E}.Release|Any CPU.Build.0 = Release|Any CPU
		{A7ABC55E-43C3-41DD-A2DE-742C9D33E014}.Debug|Any CPU.ActiveCfg = Debug|Any CPU
		{A7ABC55E-43C3-41DD-A2DE-742C9D33E014}.Debug|Any CPU.Build.0 = Debug|Any CPU
		{A7ABC55E-43C3-41DD-A2DE-742C9D33E014}.Release|Any CPU.ActiveCfg = Release|Any CPU
		{A7ABC55E-43C3-41DD-A2DE-742C9D33E014}.Release|Any CPU.Build.0 = Release|Any CPU
	EndGlobalSection
	GlobalSection(SolutionProperties) = preSolution
		HideSolutionNode = FALSE
	EndGlobalSection
	GlobalSection(ExtensibilityGlobals) = postSolution
		SolutionGuid = {395681B4-13AD-4A07-B216-CCD4321D5A3C}
	EndGlobalSection
EndGlobal
